
Microsoft Visual Studio Solution File, Format Version 12.00
# Visual Studio Version 17
VisualStudioVersion = 17.2.32630.192
MinimumVisualStudioVersion = 10.0.40219.1
Project("{FAE04EC0-301F-11D3-BF4B-00C04F79EFBC}") = "MultiMediaApp_LA3", "MultiMediaApp_LA3\MultiMediaApp_LA3.csproj", "{67AEE38F-D5B8-4E63-8AF9-26788992AE7C}"
EndProject
Global
	GlobalSection(SolutionConfigurationPlatforms) = preSolution
		Debug|Any CPU = Debug|Any CPU
		Release|Any CPU = Release|Any CPU
	EndGlobalSection
	GlobalSection(ProjectConfigurationPlatforms) = postSolution
		{67AEE38F-D5B8-4E63-8AF9-26788992AE7C}.Debug|Any CPU.ActiveCfg = Debug|Any CPU
		{67AEE38F-D5B8-4E63-8AF9-26788992AE7C}.Debug|Any CPU.Build.0 = Debug|Any CPU
		{67AEE38F-D5B8-4E63-8AF9-26788992AE7C}.Release|Any CPU.ActiveCfg = Release|Any CPU
		{67AEE38F-D5B8-4E63-8AF9-26788992AE7C}.Release|Any CPU.Build.0 = Release|Any CPU
	EndGlobalSection
	GlobalSection(SolutionProperties) = preSolution
		HideSolutionNode = FALSE
	EndGlobalSection
	GlobalSection(ExtensibilityGlobals) = postSolution
		SolutionGuid = {1197A3D3-770D-4AF6-B5CB-39D0E86EC67A}
	EndGlobalSection
EndGlobal
